github.com/gorilla/websocket v1.5.1 h1:gmztn0JnHVt9JZquRuzLw3g4wouNVzKL15iLr/zn/QY=
github.com/gorilla/websocket v1.5.1/go.mod h1:x3kM2JMyaluk02fnUJpQuwD2dCS5NDG2ZHL0uE0tcaY=
golang.design/x/clipboard v0.7.0 h1:4Je8M/ys9AJumVnl8m+rZnIvstSnYj1fvzqYrU3TXvo=
golang.design/x/clipboard v0.7.0/go.mod h1:PQIvqYO9GP29yINEfsEn5zSQKAz3UgXmZKzDA6dnq2E=
golang.org/x/exp v0.0.0-20190731235908-ec7cb31e5a56 h1:estk1glOnSVeJ9tdEZZc5mAMDZk5lNJNyJ6DvrBkTEU=
golang.org/x/exp v0.0.0-20190731235908-ec7cb31e5a56/go.mod h1:JhuoJpWY28nO4Vef9tZUw9qufEGTyX1+7lmHxV5q5G4=
golang.org/x/image v0.6.0 h1:bR8b5okrPI3g/gyZakLZHeWxAR8Dn5CyxXv1hLH5g/4=
golang.org/x/image v0.6.0/go.mod h1:MXLdDR43H7cDJq5GEGXEVeeNhPgi+YYEQ2pC1byI1x0=
golang.org/x/mobile v0.0.0-20230301163155-e0f57694e12c h1:Gk61ECugwEHL6IiyyNLXNzmu8XslmRP2dS0xjIYhbb4=
golang.org/x/mobile v0.0.0-20230301163155-e0f57694e12c/go.mod h1:aAjjkJNdrh3PMckS4B10TGS2nag27cbKR1y2BpUxsiY=
golang.org/x/sys v0.5.0 h1:MUK/U/4lj1t1oPg0HfuXDN/Z1wv31ZJ/YcPiGccS4DU=
golang.org/x/sys v0.5.0/go.mod h1:oPkhp1MJrh7nUepCBck5+mAzfO9JrbApNNgaTdGDITg=
